github.com/davecgh/go-spew v1.1.0/go.mod h1:J7Y8YcW2NihsgmVo/mv3lAwl/skON4iLHjSsI+c5H38=
github.com/davecgh/go-spew v1.1.1 h1:vj9j/u1bqnvCEfJOwUhtlOARqs3+rkHYY13jYWTU97c=
github.com/davecgh/go-spew v1.1.1/go.mod h1:J7Y8YcW2NihsgmVo/mv3lAwl/skON4iLHjSsI+c5H38=
github.com/go-audio/aiff v0.0.0-20180403003018-6c3a8a6aff12/go.mod h1:AMSAp6W1zd0koOdX6QDgGIuBDTUvLa2SLQtm7d9eM3c=
github.com/go-audio/audio v0.0.0-20180206231410-b697a35b5608/go.mod h1:6uAu0+H2lHkwdGsAY+j2wHPNPpPoeg5AaEFh9FlA+Zs=
github.com/go-audio/audio v0.0.0-20181013203223-7b2a6ca21480 h1:4sGU+UABMMsRJyD+Y2yzMYxq0GJFUsRRESI0P1gZ2ig=
github.com/go-audio/audio v0.0.0-20181013203223-7b2a6ca21480/go.mod h1:6uAu0+H2lHkwdGsAY+j2wHPNPpPoeg5AaEFh9FlA+Zs=
github.com/go-audio/wav v0.0.0-20181013172942-de841e69b884 h1:2TaXIaVA4ff/MHHezOj83tCypALTFAcXOImcFWNa3jw=
github.com/go-audio/wav v0.0.0-20181013172942-de841e69b884/go.mod h1:UiqzUyfX0zs3pJ/DPyvS5v8sN6s5bXPUDDIVA5v8dks=
github.com/gordonklaus/portaudio v0.0.0-20180817120803-00e7307ccd93 h1:TSG+DyZBnazM22ZHyHLeUkzM34ClkJRjIWHTq4btvek=
github.com/gordonklaus/portaudio v0.0.0-20180817120803-00e7307ccd93/go.mod h1:HfYnZi/ARQKG0dwH5HNDmPCHdLiFiBf+SI7DbhW7et4=
github.com/mattetti/audio v0.0.0-20180912171649-01576cde1f21 h1:Hc1iKlyxNHp3CV59G2E/qabUkHvEwOIJxDK0CJ7CRjA=
github.com/mattetti/audio v0.0.0-20180912171649-01576cde1f21/go.mod h1:LlQmBGkOuV/SKzEDXBPKauvN2UqCgzXO2XjecTGj40s=
github.com/pipelined/audio v0.0.0-20190226164600-2530aff57f27 h1:0LZigHFx4PAj+j7+eMkK356Jb7+abMKyugEoj3unk3Y=
github.com/pipelined/audio v0.0.0-20190226164600-2530aff57f27/go.mod h1:TDotgVAx1LtVfjzuvylD6oOg4Wc21Zn2KlTSDCJ5ncc=
github.com/pipelined/mixer v0.0.0-20190224104244-0142ac117212 h1:On88LIat7js/s12SwBsLtaIrOAIVujoFViBYFwoFApU=
github.com/pipelined/mixer v0.0.0-20190224104244-0142ac117212/go.mod h1:gdKx2CFn5xKYEDDj3VgXIxuLPNDHjG+fHe+WUDEpDN4=
github.com/pipelined/mock v0.0.0-20190217150724-87db8bf19cf0 h1:fuXR+EClun6PS6seq7qRYal4yM9pLpG2AU1VrSveQzg=
github.com/pipelined/mock v0.0.0-20190217150724-87db8bf19cf0/go.mod h1:/1j1qKtUhE/iC8c+oM4QGbGAYOlgVji/Ux+XM+3sqes=
github.com/pipelined/pipe v0.3.1-0.20190227163049-94ffce96e284 h1:W4/u+unPiMt8G0Z0JQZOf3rRZVmR79IhCHGUsbE/VY4=
github.com/pipelined/pipe v0.3.1-0.20190227163049-94ffce96e284/go.mod h1:6xa6zO+iJDIAuYgSu8oH49/aiDRog9GGe2N9EEODD+g=
github.com/pipelined/portaudio v0.0.0-20190218175733-fc71dab92ad1 h1:amsHhOYl07RclpQ6lqmJYjj1bIrhHwjXqWHLbAXMni0=
github.com/pipelined/portaudio v0.0.0-20190218175733-fc71dab92ad1/go.mod h1:sQ3Rv91oHhCfzCBXXPbf8aerZUTiqQAXOKdGv03VR5Q=
github.com/pipelined/signal v0.0.0-20190214071912-fe6a394c0dc2/go.mod h1:2hObqg30KY6FBiLwiO5kvSui/3C2XWCks06RD/A1m7I=
github.com/pipelined/signal v0.0.0-20190217150524-6f12bde3dee3/go.mod h1:2hObqg30KY6FBiLwiO5kvSui/3C2XWCks06RD/A1m7I=
github.com/pipelined/signal v0.0.0-20190218175838-c71a34013a33 h1:1JMYIg1pNrd3sO4qE8zE4aFvma+ngJF/vhMnw6ifXMU=
github.com/pipelined/signal v0.0.0-20190218175838-c71a34013a33/go.mod h1:2hObqg30KY6FBiLwiO5kvSui/3C2XWCks06RD/A1m7I=
github.com/pipelined/signal v0.0.0-20190225175958-4cd224292fb5 h1:NSz7J2PVSef+H9/y4mpHVH5ga8ryppU1zWCwPzM4VbM=
github.com/pipelined/signal v0.0.0-20190225175958-4cd224292fb5/go.mod h1:2hObqg30KY6FBiLwiO5kvSui/3C2XWCks06RD/A1m7I=
github.com/pipelined/vst2 v0.2.1-0.20190218055358-0fc167cb068a h1:A3yP7CKSJKEkUZ4JBLCBEZ0QOTxx6I+GSr/dl06e2hc=
github.com/pipelined/vst2 v0.2.1-0.20190218055358-0fc167cb068a/go.mod h1:dRgk5T50+dFFMeaa4zvGRGy+44C5U6BGMjAU26PUoxY=
github.com/pipelined/wav v0.0.0-20190219071616-050c03161e9e h1:OQwspS4Ac5opfHUswRzEejuiuSjOF6LMF6iLyKUMK70=
github.com/pipelined/wav v0.0.0-20190219071616-050c03161e9e/go.mod h1:8rJYU+J74fPPfPRFFj6ZXkZCm1hR9P6BZriaZS8lRY8=
github.com/pmezard/go-difflib v1.0.0 h1:4DBwDE0NGyQoBHbLQYPwSUPoCMWR5BEzIk/f1lZbAQM=
github.com/pmezard/go-difflib v1.0.0/go.mod h1:iKH77koFhYxTK1pcRnkKkqfTogsbg7gZNVY4sRDYZ/4=
github.com/rs/xid v1.2.1 h1:mhH9Nq+C1fY2l1XIpgxIiUOfNpRBYH1kKcr+qfKgjRc=
github.com/rs/xid v1.2.1/go.mod h1:+uKXf+4Djp6Md1KODXJxgGQPKngRmWyn10oCKFzNHOQ=
github.com/stretchr/objx v0.1.0/go.mod h1:HFkY916IF+rwdDfMAkV7OtwuqBVzrE8GR6GFx+wExME=
github.com/stretchr/testify v1.3.0 h1:TivCn/peBQ7UY8ooIcPgZFpTNSz0Q2U6UrFlUfqbe0Q=
github.com/stretchr/testify v1.3.0/go.mod h1:M5WIy9Dh21IEIfnGCwXGc5bZfKNJtfHm1UVUgZn+9EI=
go.uber.org/goleak v0.10.0 h1:G3eWbSNIskeRqtsN/1uI5B+eP73y3JUuBsv9AZjehb4=
go.uber.org/goleak v0.10.0/go.mod h1:VCZuO8V8mFPlL0F5J5GK1rtHV3DrFcQ1R8ryq7FK0aI=
