github.com/d4l3k/messagediff v1.2.2-0.20190829033028-7e0a312ae40b/go.mod h1:Oozbb1TVXFac9FtSIxHBMnBCq2qeH/2KkEQxENCrlLo=
github.com/go-audio/audio v1.0.0 h1:zS9vebldgbQqktK4H0lUqWrG8P0NxCJVqcj7ZpNnwd4=
github.com/go-audio/audio v1.0.0/go.mod h1:6uAu0+H2lHkwdGsAY+j2wHPNPpPoeg5AaEFh9FlA+Zs=
github.com/go-audio/riff v1.0.0 h1:d8iCGbDvox9BfLagY94fBynxSPHO80LmZCaOsmKxokA=
github.com/go-audio/riff v1.0.0/go.mod h1:l3cQwc85y79NQFCRB7TiPoNiaijp6q8Z0Uv38rVG498=
github.com/go-audio/wav v1.0.0 h1:WdSGLhtyud6bof6XHL28xKeCQRzCV06pOFo3LZsFdyE=
github.com/go-audio/wav v1.0.0/go.mod h1:3yoReyQOsiARkvPl3ERCi8JFjihzG6WhjYpZCf5zAWE=
github.com/gordonklaus/portaudio v0.0.0-20200911161147-bb74aa485641 h1:B7ADnac3Yy6Vtcp2mstnsjUtarYcjy4AL0R6eNEhZAk=
github.com/gordonklaus/portaudio v0.0.0-20200911161147-bb74aa485641/go.mod h1:HfYnZi/ARQKG0dwH5HNDmPCHdLiFiBf+SI7DbhW7et4=
github.com/hajimehoshi/go-mp3 v0.3.1 h1:pn/SKU1+/rfK8KaZXdGEC2G/KCB2aLRjbTCrwKcokao=
github.com/hajimehoshi/go-mp3 v0.3.1/go.mod h1:qMJj/CSDxx6CGHiZeCgbiq2DSUkbK0UbtXShQcnfyMM=
github.com/hajimehoshi/oto v0.6.1/go.mod h1:0QXGEkbuJRohbJaxr7ZQSxnju7hEhseiPx2hrh6raOI=
github.com/icza/bitio v1.0.0 h1:squ/m1SHyFeCA6+6Gyol1AxV9nmPPlJFT8c2vKdj3U8=
github.com/icza/bitio v1.0.0/go.mod h1:0jGnlLAx8MKMr9VGnn/4YrvZiprkvBelsVIbA9Jjr9A=
github.com/icza/mighty v0.0.0-20180919140131-cfd07d671de6 h1:8UsGZ2rr2ksmEru6lToqnXgA8Mz1DP11X4zSJ159C3k=
github.com/icza/mighty v0.0.0-20180919140131-cfd07d671de6/go.mod h1:xQig96I1VNBDIWGCdTt54nHt6EeI639SmHycLYL7FkA=
github.com/mewkiz/flac v1.0.7 h1:uIXEjnuXqdRaZttmSFM5v5Ukp4U6orrZsnYGGR3yow8=
github.com/mewkiz/flac v1.0.7/go.mod h1:yU74UH277dBUpqxPouHSQIar3G1X/QIclVbFahSd1pU=
github.com/mewkiz/pkg v0.0.0-20190919212034-518ade7978e2/go.mod h1:3E2FUC/qYUfM8+r9zAwpeHJzqRVVMIYnpzD/clwWxyA=
github.com/mewkiz/pkg v0.0.0-20210112042322-0b163ae15d52 h1:cWRMKPYEEpkCIxy9g3Sm2mKA5uNIXujMqw0+0kfYpo4=
github.com/mewkiz/pkg v0.0.0-20210112042322-0b163ae15d52/go.mod h1:3E2FUC/qYUfM8+r9zAwpeHJzqRVVMIYnpzD/clwWxyA=
github.com/pkg/errors v0.8.1/go.mod h1:bwawxfHBFNV+L2hUp1rHADufV3IMtnDRdf1r5NINEl0=
github.com/viert/lame v0.0.0-20190823071122-49a063e7d5e6 h1:1XPLOPnNgpmWkgV4Fkx3xZoNRqygHvFaXT+VQeZPs4I=
github.com/viert/lame v0.0.0-20190823071122-49a063e7d5e6/go.mod h1:iTcgj2s0jGfKkwHeeiNeBBZyNsW+GaK+B8IzbSvOu2w=
golang.org/x/exp v0.0.0-20190306152737-a1d7652674e8/go.mod h1:CJ0aWSM057203Lf6IL+f9T1iT9GByDxfZKAQTCR3kQA=
golang.org/x/image v0.0.0-20190220214146-31aff87c08e9/go.mod h1:kZ7UVZpmo3dzQBMxlp+ypCbDeSB+sBbTgSJuh5dn5js=
golang.org/x/image v0.0.0-20190227222117-0694c2d4d067/go.mod h1:kZ7UVZpmo3dzQBMxlp+ypCbDeSB+sBbTgSJuh5dn5js=
golang.org/x/mobile v0.0.0-20190415191353-3e0bab5405d6/go.mod h1:E/iHnbuqvinMTCcRqshq8CkpyQDoeVncDDYHnLhea+o=
golang.org/x/net v0.0.0-20190213061140-3a22650c66bd/go.mod h1:mL1N/T3taQHkDXs73rZJwtUhF3w3ftmwwsq0BUmARs4=
golang.org/x/sys v0.0.0-20190312061237-fead79001313/go.mod h1:h1NjWce9XRLGQEsW7wpKNCjG9DtNlClVuFLEZdDNbEs=
golang.org/x/sys v0.0.0-20190429190828-d89cdac9e872/go.mod h1:h1NjWce9XRLGQEsW7wpKNCjG9DtNlClVuFLEZdDNbEs=
golang.org/x/text v0.3.0/go.mod h1:NqM8EUOU14njkJ3fqMW+pc6Ldnwhi/IjpwHt7yyuwOQ=
pipelined.dev/audio v0.5.0 h1:0CZUBgQ9t1aGUxOQYuNwWPvdUcUWN6qgxneSGJE2USU=
pipelined.dev/audio v0.5.0/go.mod h1:BNC0uXuvuGdcyL3PfVs9HKDi1+BTfgP/HQQ7SAZbj/4=
pipelined.dev/audio/fileformat v0.3.2 h1:gVTqEQJx/u+uXLOhPpdaumHP08LBEDNQExr2BvFAtds=
pipelined.dev/audio/fileformat v0.3.2/go.mod h1:+JFKduLVPi2hbIX8s3kXO4WWIs14E58q3qOibMmWw8E=
pipelined.dev/audio/flac v0.4.1 h1:/WsymdboFXRomHWlEmbdfUTmOf/SrulTd28En7g8gwM=
pipelined.dev/audio/flac v0.4.1/go.mod h1:ztBQD5tPrXRVO4CSNZmTneKD+dFbFs/Co0D5OgA11Vw=
pipelined.dev/audio/mp3 v0.6.1 h1:m2VSxAcwv+PXNvzuJrRVUxxRGgn6q2aC5dLhwIQ5AGI=
pipelined.dev/audio/mp3 v0.6.1/go.mod h1:JYd+mzGFIyBPZu+cCy6sEO1Fz2GoDCVVZ7g72NSElTI=
pipelined.dev/audio/portaudio v0.4.1 h1:xcNBx/VaQOK94TXXWWCud92I8SoKX0Ifv81yzl1ywN0=
pipelined.dev/audio/portaudio v0.4.1/go.mod h1:knmpR5Y0/9RREr0WJ9fFRoIqubXf+l850PRju9/fJ58=
pipelined.dev/audio/vst2 v0.8.1-0.20210220194000-6bcac290331e h1:lsfraHf51l3UZYMrBzdYR7o7YGcWI6P7XisvrKFLZbs=
pipelined.dev/audio/vst2 v0.8.1-0.20210220194000-6bcac290331e/go.mod h1:wETLxsbBPftj6t4iVBCXvH/Xgd27ZgIC4hNnHDYNuz8=
pipelined.dev/audio/vst2 v0.8.1-0.20210228195309-a9d1cffb34c1 h1:uEkrSztJSb45rYBg3OqNMdFvw4ABH86vQPfK+1hmvdE=
pipelined.dev/audio/vst2 v0.8.1-0.20210228195309-a9d1cffb34c1/go.mod h1:wETLxsbBPftj6t4iVBCXvH/Xgd27ZgIC4hNnHDYNuz8=
pipelined.dev/audio/wav v0.6.1 h1:Sa5zTQl/aq8tEn3Gu0k7IsYEXnSNrJWFLhZ6zDkgDCo=
pipelined.dev/audio/wav v0.6.1/go.mod h1:AZLsgGPkmAUIwAayK6R3me7pTSqiOwV3gZT/tFoaeE8=
pipelined.dev/pipe v0.10.0 h1:qDYvTB5PjqV7xn5YTL7JYqA+I1bDNC0sxUGMVeoB8Pg=
pipelined.dev/pipe v0.10.0/go.mod h1:aIt+NPlW0QLYByqYniG77lTxSvl7OtCNLws/m+Xz5ww=
pipelined.dev/signal v0.10.0 h1:7O1bdYHG6MeXYthNKsXB++jx2UkUPiicwE/MMwdgYRc=
pipelined.dev/signal v0.10.0/go.mod h1:wi0YlA20+rinS9o+7IMZHH3/YsO3jkahHNLSCCfaEA0=
